
Microsoft Visual Studio Solution File, Format Version 12.00
# Visual Studio Version 16
VisualStudioVersion = 16.0.29020.237
MinimumVisualStudioVersion = 10.0.40219.1
Project("{FAE04EC0-301F-11D3-BF4B-00C04F79EFBC}") = "FIRMAWEBFORM", "FIRMAWEBFORM\FIRMAWEBFORM.csproj", "{2CCC3C99-50F1-4047-8AD8-7BC48C08E598}"
EndProject
Global
	GlobalSection(SolutionConfigurationPlatforms) = preSolution
		Debug|Any CPU = Debug|Any CPU
		Release|Any CPU = Release|Any CPU
	EndGlobalSection
	GlobalSection(ProjectConfigurationPlatforms) = postSolution
		{2CCC3C99-50F1-4047-8AD8-7BC48C08E598}.Debug|Any CPU.ActiveCfg = Debug|Any CPU
		{2CCC3C99-50F1-4047-8AD8-7BC48C08E598}.Debug|Any CPU.Build.0 = Debug|Any CPU
		{2CCC3C99-50F1-4047-8AD8-7BC48C08E598}.Release|Any CPU.ActiveCfg = Release|Any CPU
		{2CCC3C99-50F1-4047-8AD8-7BC48C08E598}.Release|Any CPU.Build.0 = Release|Any CPU
	EndGlobalSection
	GlobalSection(SolutionProperties) = preSolution
		HideSolutionNode = FALSE
	EndGlobalSection
	GlobalSection(ExtensibilityGlobals) = postSolution
		SolutionGuid = {41C4F45A-990F-4551-A624-65818A2C9CD5}
	EndGlobalSection
EndGlobal
